
Microsoft Visual Studio Solution File, Format Version 12.00
# Visual Studio Version 17
VisualStudioVersion = 17.3.32825.248
MinimumVisualStudioVersion = 10.0.40219.1
Project("{FAE04EC0-301F-11D3-BF4B-00C04F79EFBC}") = "Telekocsi", "Telekocsi\Telekocsi.csproj", "{8A688A18-351F-4E11-805E-7AA2B0F8530E}"
EndProject
Global
	GlobalSection(SolutionConfigurationPlatforms) = preSolution
		Debug|Any CPU = Debug|Any CPU
		Release|Any CPU = Release|Any CPU
	EndGlobalSection
	GlobalSection(ProjectConfigurationPlatforms) = postSolution
		{8A688A18-351F-4E11-805E-7AA2B0F8530E}.Debug|Any CPU.ActiveCfg = Debug|Any CPU
		{8A688A18-351F-4E11-805E-7AA2B0F8530E}.Debug|Any CPU.Build.0 = Debug|Any CPU
		{8A688A18-351F-4E11-805E-7AA2B0F8530E}.Release|Any CPU.ActiveCfg = Release|Any CPU
		{8A688A18-351F-4E11-805E-7AA2B0F8530E}.Release|Any CPU.Build.0 = Release|Any CPU
	EndGlobalSection
	GlobalSection(SolutionProperties) = preSolution
		HideSolutionNode = FALSE
	EndGlobalSection
	GlobalSection(ExtensibilityGlobals) = postSolution
		SolutionGuid = {7A0AA8CA-A6B8-4014-BEB7-1C6170832A61}
	EndGlobalSection
EndGlobal
